{
  "name": "example",
  "version": "1.0.0",
  "lockfileVersion": 1,
  "requires": true,
  "dependencies": {
    "@metarhia/common": {
      "version": "1.5.0",
      "resolved": "https://registry.npmjs.org/@metarhia/common/-/common-1.5.0.tgz",
      "integrity": "sha512-hIiMPmIfDgyTl7Brn7qdAL2EqnsEoXqFUkfeMX5dQUGVjs+HO1NUR3J/KtUWeRuTNiiVQNeNtjB5j7dlZSsAqw=="
    },
    "concolor": {
      "version": "0.1.12",
      "resolved": "https://registry.npmjs.org/concolor/-/concolor-0.1.12.tgz",
      "integrity": "sha512-8yhwqV92Dngtrf7N2mc0HNCQ7IEZ6M6aXOc0HpHPUhavPcQKvTLnLlaZjEBNilFqHvC3O4AIkcEKdeQ75u0JUw=="
    },
    "hpw": {
      "version": "0.1.3",
      "resolved": "https://registry.npmjs.org/hpw/-/hpw-0.1.3.tgz",
      "integrity": "sha512-ARDjZ/196eUURpD5HPon8orhpLI9dpswfw/XBwbu+fdQtPVSO4WrHTlRYever92vh8tEQtQ/CPnD4YDSF5vx2Q==",
      "requires": {
        "concolor": "^0.1.12",
        "metasync": "^0.3.31"
      }
    },
    "metasync": {
      "version": "0.3.31",
      "resolved": "https://registry.npmjs.org/metasync/-/metasync-0.3.31.tgz",
      "integrity": "sha512-ydkv/FHFLWK65EHjFwmEq9vQXIci/L8w9dG3a+DWLRfW4yRy3n4BAXag/pZBAF+UHXvbrOXnfJ0V/IF8MXOLtA==",
      "requires": {
        "@metarhia/common": "^1.0.0"
      }
    }
  }
}
